
Microsoft Visual Studio Solution File, Format Version 12.00
# Visual Studio 15
VisualStudioVersion = 15.0.28307.106
MinimumVisualStudioVersion = 10.0.40219.1
Project("{FAE04EC0-301F-11D3-BF4B-00C04F79EFBC}") = "FizzBuzz2", "FizzBuzz2\FizzBuzz2.csproj", "{F09A12BF-6249-46B6-8009-C5D1F8D5385E}"
EndProject
Global
	GlobalSection(SolutionConfigurationPlatforms) = preSolution
		Debug|Any CPU = Debug|Any CPU
		Release|Any CPU = Release|Any CPU
	EndGlobalSection
	GlobalSection(ProjectConfigurationPlatforms) = postSolution
		{F09A12BF-6249-46B6-8009-C5D1F8D5385E}.Debug|Any CPU.ActiveCfg = Debug|Any CPU
		{F09A12BF-6249-46B6-8009-C5D1F8D5385E}.Debug|Any CPU.Build.0 = Debug|Any CPU
		{F09A12BF-6249-46B6-8009-C5D1F8D5385E}.Release|Any CPU.ActiveCfg = Release|Any CPU
		{F09A12BF-6249-46B6-8009-C5D1F8D5385E}.Release|Any CPU.Build.0 = Release|Any CPU
	EndGlobalSection
	GlobalSection(SolutionProperties) = preSolution
		HideSolutionNode = FALSE
	EndGlobalSection
	GlobalSection(ExtensibilityGlobals) = postSolution
		SolutionGuid = {E555E0C9-7890-4DB5-83DF-B3C80C205ECE}
	EndGlobalSection
EndGlobal
